// !$*UTF8*$!
{
	archiveVersion = 1;
	classes = {
	};
	objectVersion = 46;
	objects = {

/* Begin PBXBuildFile section */
		DF9F84D5FB554C0881B7CDDA /* libPods.a in Frameworks */ = {isa = PBXBuildFile; fileRef = 2CD9DCE534DF4DAF83CDF51C /* libPods.a */; };
		E76B0B28182A236B0019BA4E /* ACPlistManager.m in Sources */ = {isa = PBXBuildFile; fileRef = E76B0B27182A236B0019BA4E /* ACPlistManager.m */; };
		E76B0B30182A8DE30019BA4E /* ACAddressBookModel.m in Sources */ = {isa = PBXBuildFile; fileRef = E76B0B2F182A8DE30019BA4E /* ACAddressBookModel.m */; };
		E76B0B33182AB3D80019BA4E /* ACAddressBookManager.m in Sources */ = {isa = PBXBuildFile; fileRef = E76B0B32182AB3D80019BA4E /* ACAddressBookManager.m */; };
		E76DA520182240D2008FC0CA /* Foundation.framework in Frameworks */ = {isa = PBXBuildFile; fileRef = E76DA51F182240D2008FC0CA /* Foundation.framework */; };
		E76DA522182240D2008FC0CA /* CoreGraphics.framework in Frameworks */ = {isa = PBXBuildFile; fileRef = E76DA521182240D2008FC0CA /* CoreGraphics.framework */; };
		E76DA524182240D2008FC0CA /* UIKit.framework in Frameworks */ = {isa = PBXBuildFile; fileRef = E76DA523182240D2008FC0CA /* UIKit.framework */; };
		E76DA52A182240D2008FC0CA /* InfoPlist.strings in Resources */ = {isa = PBXBuildFile; fileRef = E76DA528182240D2008FC0CA /* InfoPlist.strings */; };
		E76DA52C182240D2008FC0CA /* main.m in Sources */ = {isa = PBXBuildFile; fileRef = E76DA52B182240D2008FC0CA /* main.m */; };
		E76DA530182240D3008FC0CA /* AppDelegate.m in Sources */ = {isa = PBXBuildFile; fileRef = E76DA52F182240D3008FC0CA /* AppDelegate.m */; };
		E76DA533182240D3008FC0CA /* Main_iPhone.storyboard in Resources */ = {isa = PBXBuildFile; fileRef = E76DA531182240D3008FC0CA /* Main_iPhone.storyboard */; };
		E76DA536182240D3008FC0CA /* Main_iPad.storyboard in Resources */ = {isa = PBXBuildFile; fileRef = E76DA534182240D3008FC0CA /* Main_iPad.storyboard */; };
		E76DA539182240D3008FC0CA /* ViewController.m in Sources */ = {isa = PBXBuildFile; fileRef = E76DA538182240D3008FC0CA /* ViewController.m */; };
		E76DA53B182240D3008FC0CA /* Images.xcassets in Resources */ = {isa = PBXBuildFile; fileRef = E76DA53A182240D3008FC0CA /* Images.xcassets */; };
		E76DA542182240D3008FC0CA /* XCTest.framework in Frameworks */ = {isa = PBXBuildFile; fileRef = E76DA541182240D3008FC0CA /* XCTest.framework */; };
		E76DA543182240D3008FC0CA /* Foundation.framework in Frameworks */ = {isa = PBXBuildFile; fileRef = E76DA51F182240D2008FC0CA /* Foundation.framework */; };
		E76DA544182240D3008FC0CA /* UIKit.framework in Frameworks */ = {isa = PBXBuildFile; fileRef = E76DA523182240D2008FC0CA /* UIKit.framework */; };
		E76DA54C182240D3008FC0CA /* InfoPlist.strings in Resources */ = {isa = PBXBuildFile; fileRef = E76DA54A182240D3008FC0CA /* InfoPlist.strings */; };
		E76DA54E182240D3008FC0CA /* ACDemoTests.m in Sources */ = {isa = PBXBuildFile; fileRef = E76DA54D182240D3008FC0CA /* ACDemoTests.m */; };
		E76DA56C18224224008FC0CA /* NSArray+ACComon.m in Sources */ = {isa = PBXBuildFile; fileRef = E76DA55C18224224008FC0CA /* NSArray+ACComon.m */; };
		E76DA56D18224224008FC0CA /* UIColor+NewColor.m in Sources */ = {isa = PBXBuildFile; fileRef = E76DA56318224224008FC0CA /* UIColor+NewColor.m */; };
		E76DA56E18224224008FC0CA /* ACDevTools.m in Sources */ = {isa = PBXBuildFile; fileRef = E76DA56B18224224008FC0CA /* ACDevTools.m */; };
		E76DA571182245B9008FC0CA /* NSDate+Comparison.m in Sources */ = {isa = PBXBuildFile; fileRef = E76DA570182245B9008FC0CA /* NSDate+Comparison.m */; };
		E76DA574182253B7008FC0CA /* NSDate+Display.m in Sources */ = {isa = PBXBuildFile; fileRef = E76DA573182253B7008FC0CA /* NSDate+Display.m */; };
		E76DA57818238342008FC0CA /* NSString+Common.m in Sources */ = {isa = PBXBuildFile; fileRef = E76DA57718238342008FC0CA /* NSString+Common.m */; };
		E76DA57B1823863F008FC0CA /* UIButton+Common.m in Sources */ = {isa = PBXBuildFile; fileRef = E76DA57A1823863F008FC0CA /* UIButton+Common.m */; };
		E76DA57E182387ED008FC0CA /* UIView+Position.m in Sources */ = {isa = PBXBuildFile; fileRef = E76DA57D182387ED008FC0CA /* UIView+Position.m */; };
		E76DA581182388B5008FC0CA /* UIView+Common.m in Sources */ = {isa = PBXBuildFile; fileRef = E76DA580182388B5008FC0CA /* UIView+Common.m */; };
		E76DA584182389BD008FC0CA /* UIViewController+NavigationBar.m in Sources */ = {isa = PBXBuildFile; fileRef = E76DA583182389BD008FC0CA /* UIViewController+NavigationBar.m */; };
		E76DA58718238AAD008FC0CA /* UIViewController+Common.m in Sources */ = {isa = PBXBuildFile; fileRef = E76DA58618238AAD008FC0CA /* UIViewController+Common.m */; };
		E792089A1830DEBD00B8D758 /* vocabulary.db in Resources */ = {isa = PBXBuildFile; fileRef = E79208991830DEBD00B8D758 /* vocabulary.db */; };
		E792089C1830FDC500B8D758 /* libsqlite3.dylib in Frameworks */ = {isa = PBXBuildFile; fileRef = E792089B1830FDC500B8D758 /* libsqlite3.dylib */; };
		E7BBB76E18289FB3000AA36D /* AVFoundation.framework in Frameworks */ = {isa = PBXBuildFile; fileRef = E7BBB76D18289FB3000AA36D /* AVFoundation.framework */; };
		E7F5CC1B182B8A02001B93A1 /* ACModelParser.m in Sources */ = {isa = PBXBuildFile; fileRef = E7F5CC1A182B8A02001B93A1 /* ACModelParser.m */; };
		E7F5CC2D182BFD56001B93A1 /* ACGPSManager.m in Sources */ = {isa = PBXBuildFile; fileRef = E7F5CC2C182BFD56001B93A1 /* ACGPSManager.m */; };
		E7F5CC2F182C01EF001B93A1 /* CoreLocation.framework in Frameworks */ = {isa = PBXBuildFile; fileRef = E7F5CC2E182C01EF001B93A1 /* CoreLocation.framework */; };
/* End PBXBuildFile section */

/* Begin PBXContainerItemProxy section */
		E76DA545182240D3008FC0CA /* PBXContainerItemProxy */ = {
			isa = PBXContainerItemProxy;
			containerPortal = E76DA514182240D2008FC0CA /* Project object */;
			proxyType = 1;
			remoteGlobalIDString = E76DA51B182240D2008FC0CA;
			remoteInfo = ACDemo;
		};
/* End PBXContainerItemProxy section */

/* Begin PBXFileReference section */
		2CD9DCE534DF4DAF83CDF51C /* libPods.a */ = {isa = PBXFileReference; explicitFileType = archive.ar; includeInIndex = 0; path = libPods.a; sourceTree = BUILT_PRODUCTS_DIR; };
		5B1CD0DE98F64F579B14EF76 /* Pods.xcconfig */ = {isa = PBXFileReference; includeInIndex = 1; lastKnownFileType = text.xcconfig; name = Pods.xcconfig; path = Pods/Pods.xcconfig; sourceTree = "<group>"; };
		E76B0B26182A236B0019BA4E /* ACPlistManager.h */ = {isa = PBXFileReference; fileEncoding = 4; lastKnownFileType = sourcecode.c.h; path = ACPlistManager.h; sourceTree = "<group>"; };
		E76B0B27182A236B0019BA4E /* ACPlistManager.m */ = {isa = PBXFileReference; fileEncoding = 4; lastKnownFileType = sourcecode.c.objc; path = ACPlistManager.m; sourceTree = "<group>"; };
		E76B0B2E182A8DE20019BA4E /* ACAddressBookModel.h */ = {isa = PBXFileReference; fileEncoding = 4; lastKnownFileType = sourcecode.c.h; path = ACAddressBookModel.h; sourceTree = "<group>"; };
		E76B0B2F182A8DE30019BA4E /* ACAddressBookModel.m */ = {isa = PBXFileReference; fileEncoding = 4; lastKnownFileType = sourcecode.c.objc; path = ACAddressBookModel.m; sourceTree = "<group>"; };
		E76B0B31182AB3D80019BA4E /* ACAddressBookManager.h */ = {isa = PBXFileReference; fileEncoding = 4; lastKnownFileType = sourcecode.c.h; path = ACAddressBookManager.h; sourceTree = "<group>"; };
		E76B0B32182AB3D80019BA4E /* ACAddressBookManager.m */ = {isa = PBXFileReference; fileEncoding = 4; lastKnownFileType = sourcecode.c.objc; path = ACAddressBookManager.m; sourceTree = "<group>"; };
		E76DA51C182240D2008FC0CA /* ACDemo.app */ = {isa = PBXFileReference; explicitFileType = wrapper.application; includeInIndex = 0; path = ACDemo.app; sourceTree = BUILT_PRODUCTS_DIR; };
		E76DA51F182240D2008FC0CA /* Foundation.framework */ = {isa = PBXFileReference; lastKnownFileType = wrapper.framework; name = Foundation.framework; path = System/Library/Frameworks/Foundation.framework; sourceTree = SDKROOT; };
		E76DA521182240D2008FC0CA /* CoreGraphics.framework */ = {isa = PBXFileReference; lastKnownFileType = wrapper.framework; name = CoreGraphics.framework; path = System/Library/Frameworks/CoreGraphics.framework; sourceTree = SDKROOT; };
		E76DA523182240D2008FC0CA /* UIKit.framework */ = {isa = PBXFileReference; lastKnownFileType = wrapper.framework; name = UIKit.framework; path = System/Library/Frameworks/UIKit.framework; sourceTree = SDKROOT; };
		E76DA527182240D2008FC0CA /* ACDemo-Info.plist */ = {isa = PBXFileReference; lastKnownFileType = text.plist.xml; path = "ACDemo-Info.plist"; sourceTree = "<group>"; };
		E76DA529182240D2008FC0CA /* en */ = {isa = PBXFileReference; lastKnownFileType = text.plist.strings; name = en; path = en.lproj/InfoPlist.strings; sourceTree = "<group>"; };
		E76DA52B182240D2008FC0CA /* main.m */ = {isa = PBXFileReference; lastKnownFileType = sourcecode.c.objc; path = main.m; sourceTree = "<group>"; };
		E76DA52D182240D3008FC0CA /* ACDemo-Prefix.pch */ = {isa = PBXFileReference; lastKnownFileType = sourcecode.c.h; path = "ACDemo-Prefix.pch"; sourceTree = "<group>"; };
		E76DA52E182240D3008FC0CA /* AppDelegate.h */ = {isa = PBXFileReference; lastKnownFileType = sourcecode.c.h; path = AppDelegate.h; sourceTree = "<group>"; };
		E76DA52F182240D3008FC0CA /* AppDelegate.m */ = {isa = PBXFileReference; lastKnownFileType = sourcecode.c.objc; path = AppDelegate.m; sourceTree = "<group>"; };
		E76DA532182240D3008FC0CA /* Base */ = {isa = PBXFileReference; lastKnownFileType = file.storyboard; name = Base; path = Base.lproj/Main_iPhone.storyboard; sourceTree = "<group>"; };
		E76DA535182240D3008FC0CA /* Base */ = {isa = PBXFileReference; lastKnownFileType = file.storyboard; name = Base; path = Base.lproj/Main_iPad.storyboard; sourceTree = "<group>"; };
		E76DA537182240D3008FC0CA /* ViewController.h */ = {isa = PBXFileReference; lastKnownFileType = sourcecode.c.h; path = ViewController.h; sourceTree = "<group>"; };
		E76DA538182240D3008FC0CA /* ViewController.m */ = {isa = PBXFileReference; lastKnownFileType = sourcecode.c.objc; path = ViewController.m; sourceTree = "<group>"; };
		E76DA53A182240D3008FC0CA /* Images.xcassets */ = {isa = PBXFileReference; lastKnownFileType = folder.assetcatalog; path = Images.xcassets; sourceTree = "<group>"; };
		E76DA540182240D3008FC0CA /* ACDemoTests.xctest */ = {isa = PBXFileReference; explicitFileType = wrapper.cfbundle; includeInIndex = 0; path = ACDemoTests.xctest; sourceTree = BUILT_PRODUCTS_DIR; };
		E76DA541182240D3008FC0CA /* XCTest.framework */ = {isa = PBXFileReference; lastKnownFileType = wrapper.framework; name = XCTest.framework; path = Library/Frameworks/XCTest.framework; sourceTree = DEVELOPER_DIR; };
		E76DA549182240D3008FC0CA /* ACDemoTests-Info.plist */ = {isa = PBXFileReference; lastKnownFileType = text.plist.xml; path = "ACDemoTests-Info.plist"; sourceTree = "<group>"; };
		E76DA54B182240D3008FC0CA /* en */ = {isa = PBXFileReference; lastKnownFileType = text.plist.strings; name = en; path = en.lproj/InfoPlist.strings; sourceTree = "<group>"; };
		E76DA54D182240D3008FC0CA /* ACDemoTests.m */ = {isa = PBXFileReference; lastKnownFileType = sourcecode.c.objc; path = ACDemoTests.m; sourceTree = "<group>"; };
		E76DA55818224224008FC0CA /* ACCore.h */ = {isa = PBXFileReference; fileEncoding = 4; lastKnownFileType = sourcecode.c.h; path = ACCore.h; sourceTree = "<group>"; };
		E76DA55B18224224008FC0CA /* NSArray+ACComon.h */ = {isa = PBXFileReference; fileEncoding = 4; lastKnownFileType = sourcecode.c.h; path = "NSArray+ACComon.h"; sourceTree = "<group>"; };
		E76DA55C18224224008FC0CA /* NSArray+ACComon.m */ = {isa = PBXFileReference; fileEncoding = 4; lastKnownFileType = sourcecode.c.objc; path = "NSArray+ACComon.m"; sourceTree = "<group>"; };
		E76DA56218224224008FC0CA /* UIColor+NewColor.h */ = {isa = PBXFileReference; fileEncoding = 4; lastKnownFileType = sourcecode.c.h; path = "UIColor+NewColor.h"; sourceTree = "<group>"; };
		E76DA56318224224008FC0CA /* UIColor+NewColor.m */ = {isa = PBXFileReference; fileEncoding = 4; lastKnownFileType = sourcecode.c.objc; path = "UIColor+NewColor.m"; sourceTree = "<group>"; };
		E76DA56818224224008FC0CA /* ACMacros.h */ = {isa = PBXFileReference; fileEncoding = 4; lastKnownFileType = sourcecode.c.h; path = ACMacros.h; sourceTree = "<group>"; };
		E76DA56A18224224008FC0CA /* ACDevTools.h */ = {isa = PBXFileReference; fileEncoding = 4; lastKnownFileType = sourcecode.c.h; path = ACDevTools.h; sourceTree = "<group>"; };
		E76DA56B18224224008FC0CA /* ACDevTools.m */ = {isa = PBXFileReference; fileEncoding = 4; lastKnownFileType = sourcecode.c.objc; path = ACDevTools.m; sourceTree = "<group>"; };
		E76DA56F182245B9008FC0CA /* NSDate+Comparison.h */ = {isa = PBXFileReference; fileEncoding = 4; lastKnownFileType = sourcecode.c.h; path = "NSDate+Comparison.h"; sourceTree = "<group>"; };
		E76DA570182245B9008FC0CA /* NSDate+Comparison.m */ = {isa = PBXFileReference; fileEncoding = 4; lastKnownFileType = sourcecode.c.objc; path = "NSDate+Comparison.m"; sourceTree = "<group>"; };
		E76DA572182253B7008FC0CA /* NSDate+Display.h */ = {isa = PBXFileReference; fileEncoding = 4; lastKnownFileType = sourcecode.c.h; path = "NSDate+Display.h"; sourceTree = "<group>"; };
		E76DA573182253B7008FC0CA /* NSDate+Display.m */ = {isa = PBXFileReference; fileEncoding = 4; lastKnownFileType = sourcecode.c.objc; path = "NSDate+Display.m"; sourceTree = "<group>"; };
		E76DA57618238342008FC0CA /* NSString+Common.h */ = {isa = PBXFileReference; fileEncoding = 4; lastKnownFileType = sourcecode.c.h; path = "NSString+Common.h"; sourceTree = "<group>"; };
		E76DA57718238342008FC0CA /* NSString+Common.m */ = {isa = PBXFileReference; fileEncoding = 4; lastKnownFileType = sourcecode.c.objc; path = "NSString+Common.m"; sourceTree = "<group>"; };
		E76DA5791823863F008FC0CA /* UIButton+Common.h */ = {isa = PBXFileReference; fileEncoding = 4; lastKnownFileType = sourcecode.c.h; path = "UIButton+Common.h"; sourceTree = "<group>"; };
		E76DA57A1823863F008FC0CA /* UIButton+Common.m */ = {isa = PBXFileReference; fileEncoding = 4; lastKnownFileType = sourcecode.c.objc; path = "UIButton+Common.m"; sourceTree = "<group>"; };
		E76DA57C182387ED008FC0CA /* UIView+Position.h */ = {isa = PBXFileReference; fileEncoding = 4; lastKnownFileType = sourcecode.c.h; path = "UIView+Position.h"; sourceTree = "<group>"; };
		E76DA57D182387ED008FC0CA /* UIView+Position.m */ = {isa = PBXFileReference; fileEncoding = 4; lastKnownFileType = sourcecode.c.objc; path = "UIView+Position.m"; sourceTree = "<group>"; };
		E76DA57F182388B5008FC0CA /* UIView+Common.h */ = {isa = PBXFileReference; fileEncoding = 4; lastKnownFileType = sourcecode.c.h; path = "UIView+Common.h"; sourceTree = "<group>"; };
		E76DA580182388B5008FC0CA /* UIView+Common.m */ = {isa = PBXFileReference; fileEncoding = 4; lastKnownFileType = sourcecode.c.objc; path = "UIView+Common.m"; sourceTree = "<group>"; };
		E76DA582182389BD008FC0CA /* UIViewController+NavigationBar.h */ = {isa = PBXFileReference; fileEncoding = 4; lastKnownFileType = sourcecode.c.h; path = "UIViewController+NavigationBar.h"; sourceTree = "<group>"; };
		E76DA583182389BD008FC0CA /* UIViewController+NavigationBar.m */ = {isa = PBXFileReference; fileEncoding = 4; lastKnownFileType = sourcecode.c.objc; path = "UIViewController+NavigationBar.m"; sourceTree = "<group>"; };
		E76DA58518238AAD008FC0CA /* UIViewController+Common.h */ = {isa = PBXFileReference; fileEncoding = 4; lastKnownFileType = sourcecode.c.h; path = "UIViewController+Common.h"; sourceTree = "<group>"; };
		E76DA58618238AAD008FC0CA /* UIViewController+Common.m */ = {isa = PBXFileReference; fileEncoding = 4; lastKnownFileType = sourcecode.c.objc; path = "UIViewController+Common.m"; sourceTree = "<group>"; };
		E79208991830DEBD00B8D758 /* vocabulary.db */ = {isa = PBXFileReference; lastKnownFileType = file; path = vocabulary.db; sourceTree = "<group>"; };
		E792089B1830FDC500B8D758 /* libsqlite3.dylib */ = {isa = PBXFileReference; lastKnownFileType = "compiled.mach-o.dylib"; name = libsqlite3.dylib; path = usr/lib/libsqlite3.dylib; sourceTree = SDKROOT; };
		E7BBB76D18289FB3000AA36D /* AVFoundation.framework */ = {isa = PBXFileReference; lastKnownFileType = wrapper.framework; name = AVFoundation.framework; path = System/Library/Frameworks/AVFoundation.framework; sourceTree = SDKROOT; };
		E7F5CC19182B8A02001B93A1 /* ACModelParser.h */ = {isa = PBXFileReference; fileEncoding = 4; lastKnownFileType = sourcecode.c.h; path = ACModelParser.h; sourceTree = "<group>"; };
		E7F5CC1A182B8A02001B93A1 /* ACModelParser.m */ = {isa = PBXFileReference; fileEncoding = 4; lastKnownFileType = sourcecode.c.objc; path = ACModelParser.m; sourceTree = "<group>"; };
		E7F5CC2B182BFD56001B93A1 /* ACGPSManager.h */ = {isa = PBXFileReference; fileEncoding = 4; lastKnownFileType = sourcecode.c.h; path = ACGPSManager.h; sourceTree = "<group>"; };
		E7F5CC2C182BFD56001B93A1 /* ACGPSManager.m */ = {isa = PBXFileReference; fileEncoding = 4; lastKnownFileType = sourcecode.c.objc; path = ACGPSManager.m; sourceTree = "<group>"; };
		E7F5CC2E182C01EF001B93A1 /* CoreLocation.framework */ = {isa = PBXFileReference; lastKnownFileType = wrapper.framework; name = CoreLocation.framework; path = System/Library/Frameworks/CoreLocation.framework; sourceTree = SDKROOT; };
/* End PBXFileReference section */

/* Begin PBXFrameworksBuildPhase section */
		E76DA519182240D2008FC0CA /* Frameworks */ = {
			isa = PBXFrameworksBuildPhase;
			buildActionMask = 2147483647;
			files = (
				E792089C1830FDC500B8D758 /* libsqlite3.dylib in Frameworks */,
				E7F5CC2F182C01EF001B93A1 /* CoreLocation.framework in Frameworks */,
				E7BBB76E18289FB3000AA36D /* AVFoundation.framework in Frameworks */,
				E76DA522182240D2008FC0CA /* CoreGraphics.framework in Frameworks */,
				E76DA524182240D2008FC0CA /* UIKit.framework in Frameworks */,
				E76DA520182240D2008FC0CA /* Foundation.framework in Frameworks */,
				DF9F84D5FB554C0881B7CDDA /* libPods.a in Frameworks */,
			);
			runOnlyForDeploymentPostprocessing = 0;
		};
		E76DA53D182240D3008FC0CA /* Frameworks */ = {
			isa = PBXFrameworksBuildPhase;
			buildActionMask = 2147483647;
			files = (
				E76DA542182240D3008FC0CA /* XCTest.framework in Frameworks */,
				E76DA544182240D3008FC0CA /* UIKit.framework in Frameworks */,
				E76DA543182240D3008FC0CA /* Foundation.framework in Frameworks */,
			);
			runOnlyForDeploymentPostprocessing = 0;
		};
/* End PBXFrameworksBuildPhase section */

/* Begin PBXGroup section */
		E76B0B2D182A8DA30019BA4E /* AddressBook */ = {
			isa = PBXGroup;
			children = (
				E76B0B31182AB3D80019BA4E /* ACAddressBookManager.h */,
				E76B0B32182AB3D80019BA4E /* ACAddressBookManager.m */,
				E76B0B2E182A8DE20019BA4E /* ACAddressBookModel.h */,
				E76B0B2F182A8DE30019BA4E /* ACAddressBookModel.m */,
			);
			path = AddressBook;
			sourceTree = "<group>";
		};
		E76DA513182240D2008FC0CA = {
			isa = PBXGroup;
			children = (
				E76DA525182240D2008FC0CA /* ACDemo */,
				E76DA547182240D3008FC0CA /* ACDemoTests */,
				E76DA51E182240D2008FC0CA /* Frameworks */,
				E76DA51D182240D2008FC0CA /* Products */,
				5B1CD0DE98F64F579B14EF76 /* Pods.xcconfig */,
			);
			sourceTree = "<group>";
		};
		E76DA51D182240D2008FC0CA /* Products */ = {
			isa = PBXGroup;
			children = (
				E76DA51C182240D2008FC0CA /* ACDemo.app */,
				E76DA540182240D3008FC0CA /* ACDemoTests.xctest */,
			);
			name = Products;
			sourceTree = "<group>";
		};
		E76DA51E182240D2008FC0CA /* Frameworks */ = {
			isa = PBXGroup;
			children = (
				E792089B1830FDC500B8D758 /* libsqlite3.dylib */,
				E7F5CC2E182C01EF001B93A1 /* CoreLocation.framework */,
				E7BBB76D18289FB3000AA36D /* AVFoundation.framework */,
				E76DA51F182240D2008FC0CA /* Foundation.framework */,
				E76DA521182240D2008FC0CA /* CoreGraphics.framework */,
				E76DA523182240D2008FC0CA /* UIKit.framework */,
				E76DA541182240D3008FC0CA /* XCTest.framework */,
				2CD9DCE534DF4DAF83CDF51C /* libPods.a */,
			);
			name = Frameworks;
			sourceTree = "<group>";
		};
		E76DA525182240D2008FC0CA /* ACDemo */ = {
			isa = PBXGroup;
			children = (
				E76DA557182241E0008FC0CA /* ACCore */,
				E76DA52E182240D3008FC0CA /* AppDelegate.h */,
				E76DA52F182240D3008FC0CA /* AppDelegate.m */,
				E76DA531182240D3008FC0CA /* Main_iPhone.storyboard */,
				E76DA534182240D3008FC0CA /* Main_iPad.storyboard */,
				E76DA537182240D3008FC0CA /* ViewController.h */,
				E76DA538182240D3008FC0CA /* ViewController.m */,
				E79208991830DEBD00B8D758 /* vocabulary.db */,
				E76DA53A182240D3008FC0CA /* Images.xcassets */,
				E76DA526182240D2008FC0CA /* Supporting Files */,
			);
			path = ACDemo;
			sourceTree = "<group>";
		};
		E76DA526182240D2008FC0CA /* Supporting Files */ = {
			isa = PBXGroup;
			children = (
				E76DA527182240D2008FC0CA /* ACDemo-Info.plist */,
				E76DA528182240D2008FC0CA /* InfoPlist.strings */,
				E76DA52B182240D2008FC0CA /* main.m */,
				E76DA52D182240D3008FC0CA /* ACDemo-Prefix.pch */,
			);
			name = "Supporting Files";
			sourceTree = "<group>";
		};
		E76DA547182240D3008FC0CA /* ACDemoTests */ = {
			isa = PBXGroup;
			children = (
				E76DA54D182240D3008FC0CA /* ACDemoTests.m */,
				E76DA548182240D3008FC0CA /* Supporting Files */,
			);
			path = ACDemoTests;
			sourceTree = "<group>";
		};
		E76DA548182240D3008FC0CA /* Supporting Files */ = {
			isa = PBXGroup;
			children = (
				E76DA549182240D3008FC0CA /* ACDemoTests-Info.plist */,
				E76DA54A182240D3008FC0CA /* InfoPlist.strings */,
			);
			name = "Supporting Files";
			sourceTree = "<group>";
		};
		E76DA557182241E0008FC0CA /* ACCore */ = {
			isa = PBXGroup;
			children = (
				E76DA55818224224008FC0CA /* ACCore.h */,
				E76DA55918224224008FC0CA /* Category */,
				E76DA56718224224008FC0CA /* Macro */,
				E76DA56918224224008FC0CA /* Tools */,
			);
			path = ACCore;
			sourceTree = SOURCE_ROOT;
		};
		E76DA55918224224008FC0CA /* Category */ = {
			isa = PBXGroup;
			children = (
				E76DA55A18224224008FC0CA /* NSArray */,
				E76DA55D18224224008FC0CA /* NSData */,
				E76DA55E18224224008FC0CA /* NSDate */,
				E76DA55F18224224008FC0CA /* NSString */,
				E76DA56018224224008FC0CA /* UIButton */,
				E76DA56118224224008FC0CA /* UIColor */,
				E76DA56418224224008FC0CA /* UIImage */,
				E76DA56518224224008FC0CA /* UIView */,
				E76DA56618224224008FC0CA /* UIViewController */,
			);
			path = Category;
			sourceTree = "<group>";
		};
		E76DA55A18224224008FC0CA /* NSArray */ = {
			isa = PBXGroup;
			children = (
				E76DA55B18224224008FC0CA /* NSArray+ACComon.h */,
				E76DA55C18224224008FC0CA /* NSArray+ACComon.m */,
			);
			path = NSArray;
			sourceTree = "<group>";
		};
		E76DA55D18224224008FC0CA /* NSData */ = {
			isa = PBXGroup;
			children = (
			);
			path = NSData;
			sourceTree = "<group>";
		};
		E76DA55E18224224008FC0CA /* NSDate */ = {
			isa = PBXGroup;
			children = (
				E76DA56F182245B9008FC0CA /* NSDate+Comparison.h */,
				E76DA570182245B9008FC0CA /* NSDate+Comparison.m */,
				E76DA572182253B7008FC0CA /* NSDate+Display.h */,
				E76DA573182253B7008FC0CA /* NSDate+Display.m */,
			);
			path = NSDate;
			sourceTree = "<group>";
		};
		E76DA55F18224224008FC0CA /* NSString */ = {
			isa = PBXGroup;
			children = (
				E76DA57618238342008FC0CA /* NSString+Common.h */,
				E76DA57718238342008FC0CA /* NSString+Common.m */,
			);
			path = NSString;
			sourceTree = "<group>";
		};
		E76DA56018224224008FC0CA /* UIButton */ = {
			isa = PBXGroup;
			children = (
				E76DA5791823863F008FC0CA /* UIButton+Common.h */,
				E76DA57A1823863F008FC0CA /* UIButton+Common.m */,
			);
			path = UIButton;
			sourceTree = "<group>";
		};
		E76DA56118224224008FC0CA /* UIColor */ = {
			isa = PBXGroup;
			children = (
				E76DA56218224224008FC0CA /* UIColor+NewColor.h */,
				E76DA56318224224008FC0CA /* UIColor+NewColor.m */,
			);
			path = UIColor;
			sourceTree = "<group>";
		};
		E76DA56418224224008FC0CA /* UIImage */ = {
			isa = PBXGroup;
			children = (
			);
			path = UIImage;
			sourceTree = "<group>";
		};
		E76DA56518224224008FC0CA /* UIView */ = {
			isa = PBXGroup;
			children = (
				E76DA57C182387ED008FC0CA /* UIView+Position.h */,
				E76DA57D182387ED008FC0CA /* UIView+Position.m */,
				E76DA57F182388B5008FC0CA /* UIView+Common.h */,
				E76DA580182388B5008FC0CA /* UIView+Common.m */,
			);
			path = UIView;
			sourceTree = "<group>";
		};
		E76DA56618224224008FC0CA /* UIViewController */ = {
			isa = PBXGroup;
			children = (
				E76DA582182389BD008FC0CA /* UIViewController+NavigationBar.h */,
				E76DA583182389BD008FC0CA /* UIViewController+NavigationBar.m */,
				E76DA58518238AAD008FC0CA /* UIViewController+Common.h */,
				E76DA58618238AAD008FC0CA /* UIViewController+Common.m */,
			);
			path = UIViewController;
			sourceTree = "<group>";
		};
		E76DA56718224224008FC0CA /* Macro */ = {
			isa = PBXGroup;
			children = (
				E76DA56818224224008FC0CA /* ACMacros.h */,
			);
			path = Macro;
			sourceTree = "<group>";
		};
		E76DA56918224224008FC0CA /* Tools */ = {
			isa = PBXGroup;
			children = (
				E76B0B2D182A8DA30019BA4E /* AddressBook */,
				E76DA56A18224224008FC0CA /* ACDevTools.h */,
				E76DA56B18224224008FC0CA /* ACDevTools.m */,
				E76B0B26182A236B0019BA4E /* ACPlistManager.h */,
				E76B0B27182A236B0019BA4E /* ACPlistManager.m */,
				E7F5CC19182B8A02001B93A1 /* ACModelParser.h */,
				E7F5CC1A182B8A02001B93A1 /* ACModelParser.m */,
				E7F5CC2B182BFD56001B93A1 /* ACGPSManager.h */,
				E7F5CC2C182BFD56001B93A1 /* ACGPSManager.m */,
			);
			path = Tools;
			sourceTree = "<group>";
		};
/* End PBXGroup section */

/* Begin PBXNativeTarget section */
		E76DA51B182240D2008FC0CA /* ACDemo */ = {
			isa = PBXNativeTarget;
			buildConfigurationList = E76DA551182240D3008FC0CA /* Build configuration list for PBXNativeTarget "ACDemo" */;
			buildPhases = (
				6778B679B6224E11BB9D296F /* Check Pods Manifest.lock */,
				E76DA518182240D2008FC0CA /* Sources */,
				E76DA519182240D2008FC0CA /* Frameworks */,
				E76DA51A182240D2008FC0CA /* Resources */,
				026C63BDFC814AB99E0AD813 /* Copy Pods Resources */,
			);
			buildRules = (
			);
			dependencies = (
			);
			name = ACDemo;
			productName = ACDemo;
			productReference = E76DA51C182240D2008FC0CA /* ACDemo.app */;
			productType = "com.apple.product-type.application";
		};
		E76DA53F182240D3008FC0CA /* ACDemoTests */ = {
			isa = PBXNativeTarget;
			buildConfigurationList = E76DA554182240D3008FC0CA /* Build configuration list for PBXNativeTarget "ACDemoTests" */;
			buildPhases = (
				E76DA53C182240D3008FC0CA /* Sources */,
				E76DA53D182240D3008FC0CA /* Frameworks */,
				E76DA53E182240D3008FC0CA /* Resources */,
			);
			buildRules = (
			);
			dependencies = (
				E76DA546182240D3008FC0CA /* PBXTargetDependency */,
			);
			name = ACDemoTests;
			productName = ACDemoTests;
			productReference = E76DA540182240D3008FC0CA /* ACDemoTests.xctest */;
			productType = "com.apple.product-type.bundle.unit-test";
		};
/* End PBXNativeTarget section */

/* Begin PBXProject section */
		E76DA514182240D2008FC0CA /* Project object */ = {
			isa = PBXProject;
			attributes = {
				LastUpgradeCheck = 0500;
				ORGANIZATIONNAME = alan;
				TargetAttributes = {
					E76DA53F182240D3008FC0CA = {
						TestTargetID = E76DA51B182240D2008FC0CA;
					};
				};
			};
			buildConfigurationList = E76DA517182240D2008FC0CA /* Build configuration list for PBXProject "ACDemo" */;
			compatibilityVersion = "Xcode 3.2";
			developmentRegion = English;
			hasScannedForEncodings = 0;
			knownRegions = (
				en,
				Base,
			);
			mainGroup = E76DA513182240D2008FC0CA;
			productRefGroup = E76DA51D182240D2008FC0CA /* Products */;
			projectDirPath = "";
			projectRoot = "";
			targets = (
				E76DA51B182240D2008FC0CA /* ACDemo */,
				E76DA53F182240D3008FC0CA /* ACDemoTests */,
			);
		};
/* End PBXProject section */

/* Begin PBXResourcesBuildPhase section */
		E76DA51A182240D2008FC0CA /* Resources */ = {
			isa = PBXResourcesBuildPhase;
			buildActionMask = 2147483647;
			files = (
				E76DA536182240D3008FC0CA /* Main_iPad.storyboard in Resources */,
				E76DA53B182240D3008FC0CA /* Images.xcassets in Resources */,
				E76DA533182240D3008FC0CA /* Main_iPhone.storyboard in Resources */,
				E76DA52A182240D2008FC0CA /* InfoPlist.strings in Resources */,
				E792089A1830DEBD00B8D758 /* vocabulary.db in Resources */,
			);
			runOnlyForDeploymentPostprocessing = 0;
		};
		E76DA53E182240D3008FC0CA /* Resources */ = {
			isa = PBXResourcesBuildPhase;
			buildActionMask = 2147483647;
			files = (
				E76DA54C182240D3008FC0CA /* InfoPlist.strings in Resources */,
			);
			runOnlyForDeploymentPostprocessing = 0;
		};
/* End PBXResourcesBuildPhase section */

/* Begin PBXShellScriptBuildPhase section */
		026C63BDFC814AB99E0AD813 /* Copy Pods Resources */ = {
			isa = PBXShellScriptBuildPhase;
			buildActionMask = 2147483647;
			files = (
			);
			inputPaths = (
			);
			name = "Copy Pods Resources";
			outputPaths = (
			);
			runOnlyForDeploymentPostprocessing = 0;
			shellPath = /bin/sh;
			shellScript = "\"${SRCROOT}/Pods/Pods-resources.sh\"\n";
			showEnvVarsInLog = 0;
		};
		6778B679B6224E11BB9D296F /* Check Pods Manifest.lock */ = {
			isa = PBXShellScriptBuildPhase;
			buildActionMask = 2147483647;
			files = (
			);
			inputPaths = (
			);
			name = "Check Pods Manifest.lock";
			outputPaths = (
			);
			runOnlyForDeploymentPostprocessing = 0;
			shellPath = /bin/sh;
			shellScript = "diff \"${PODS_ROOT}/../Podfile.lock\" \"${PODS_ROOT}/Manifest.lock\" > /dev/null\nif [[ $? != 0 ]] ; then\n    cat << EOM\nerror: The sandbox is not in sync with the Podfile.lock. Run 'pod install' or update your CocoaPods installation.\nEOM\n    exit 1\nfi\n";
			showEnvVarsInLog = 0;
		};
/* End PBXShellScriptBuildPhase section */

/* Begin PBXSourcesBuildPhase section */
		E76DA518182240D2008FC0CA /* Sources */ = {
			isa = PBXSourcesBuildPhase;
			buildActionMask = 2147483647;
			files = (
				E76DA539182240D3008FC0CA /* ViewController.m in Sources */,
				E7F5CC2D182BFD56001B93A1 /* ACGPSManager.m in Sources */,
				E76DA57E182387ED008FC0CA /* UIView+Position.m in Sources */,
				E76DA56D18224224008FC0CA /* UIColor+NewColor.m in Sources */,
				E76B0B33182AB3D80019BA4E /* ACAddressBookManager.m in Sources */,
				E7F5CC1B182B8A02001B93A1 /* ACModelParser.m in Sources */,
				E76DA530182240D3008FC0CA /* AppDelegate.m in Sources */,
				E76DA574182253B7008FC0CA /* NSDate+Display.m in Sources */,
				E76B0B30182A8DE30019BA4E /* ACAddressBookModel.m in Sources */,
				E76DA57B1823863F008FC0CA /* UIButton+Common.m in Sources */,
				E76DA571182245B9008FC0CA /* NSDate+Comparison.m in Sources */,
				E76DA581182388B5008FC0CA /* UIView+Common.m in Sources */,
				E76DA56E18224224008FC0CA /* ACDevTools.m in Sources */,
				E76DA52C182240D2008FC0CA /* main.m in Sources */,
				E76DA57818238342008FC0CA /* NSString+Common.m in Sources */,
				E76DA58718238AAD008FC0CA /* UIViewController+Common.m in Sources */,
				E76DA56C18224224008FC0CA /* NSArray+ACComon.m in Sources */,
				E76DA584182389BD008FC0CA /* UIViewController+NavigationBar.m in Sources */,
				E76B0B28182A236B0019BA4E /* ACPlistManager.m in Sources */,
			);
			runOnlyForDeploymentPostprocessing = 0;
		};
		E76DA53C182240D3008FC0CA /* Sources */ = {
			isa = PBXSourcesBuildPhase;
			buildActionMask = 2147483647;
			files = (
				E76DA54E182240D3008FC0CA /* ACDemoTests.m in Sources */,
			);
			runOnlyForDeploymentPostprocessing = 0;
		};
/* End PBXSourcesBuildPhase section */

/* Begin PBXTargetDependency section */
		E76DA546182240D3008FC0CA /* PBXTargetDependency */ = {
			isa = PBXTargetDependency;
			target = E76DA51B182240D2008FC0CA /* ACDemo */;
			targetProxy = E76DA545182240D3008FC0CA /* PBXContainerItemProxy */;
		};
/* End PBXTargetDependency section */

/* Begin PBXVariantGroup section */
		E76DA528182240D2008FC0CA /* InfoPlist.strings */ = {
			isa = PBXVariantGroup;
			children = (
				E76DA529182240D2008FC0CA /* en */,
			);
			name = InfoPlist.strings;
			sourceTree = "<group>";
		};
		E76DA531182240D3008FC0CA /* Main_iPhone.storyboard */ = {
			isa = PBXVariantGroup;
			children = (
				E76DA532182240D3008FC0CA /* Base */,
			);
			name = Main_iPhone.storyboard;
			sourceTree = "<group>";
		};
		E76DA534182240D3008FC0CA /* Main_iPad.storyboard */ = {
			isa = PBXVariantGroup;
			children = (
				E76DA535182240D3008FC0CA /* Base */,
			);
			name = Main_iPad.storyboard;
			sourceTree = "<group>";
		};
		E76DA54A182240D3008FC0CA /* InfoPlist.strings */ = {
			isa = PBXVariantGroup;
			children = (
				E76DA54B182240D3008FC0CA /* en */,
			);
			name = InfoPlist.strings;
			sourceTree = "<group>";
		};
/* End PBXVariantGroup section */

/* Begin XCBuildConfiguration section */
		E76DA54F182240D3008FC0CA /* Debug */ = {
			isa = XCBuildConfiguration;
			buildSettings = {
				ALWAYS_SEARCH_USER_PATHS = NO;
				ARCHS = "$(ARCHS_STANDARD_INCLUDING_64_BIT)";
				CLANG_CXX_LANGUAGE_STANDARD = "gnu++0x";
				CLANG_CXX_LIBRARY = "libc++";
				CLANG_ENABLE_MODULES = YES;
				CLANG_ENABLE_OBJC_ARC = YES;
				CLANG_WARN_BOOL_CONVERSION = YES;
				CLANG_WARN_CONSTANT_CONVERSION = YES;
				CLANG_WARN_DIRECT_OBJC_ISA_USAGE = YES_ERROR;
				CLANG_WARN_EMPTY_BODY = YES;
				CLANG_WARN_ENUM_CONVERSION = YES;
				CLANG_WARN_INT_CONVERSION = YES;
				CLANG_WARN_OBJC_ROOT_CLASS = YES_ERROR;
				CLANG_WARN__DUPLICATE_METHOD_MATCH = YES;
				"CODE_SIGN_IDENTITY[sdk=iphoneos*]" = "iPhone Developer";
				COPY_PHASE_STRIP = NO;
				GCC_C_LANGUAGE_STANDARD = gnu99;
				GCC_DYNAMIC_NO_PIC = NO;
				GCC_OPTIMIZATION_LEVEL = 0;
				GCC_PREPROCESSOR_DEFINITIONS = (
					"DEBUG=1",
					"$(inherited)",
				);
				GCC_SYMBOLS_PRIVATE_EXTERN = NO;
				GCC_WARN_64_TO_32_BIT_CONVERSION = YES;
				GCC_WARN_ABOUT_RETURN_TYPE = YES_ERROR;
				GCC_WARN_UNDECLARED_SELECTOR = YES;
				GCC_WARN_UNINITIALIZED_AUTOS = YES;
				GCC_WARN_UNUSED_FUNCTION = YES;
				GCC_WARN_UNUSED_VARIABLE = YES;
				IPHONEOS_DEPLOYMENT_TARGET = 7.0;
				ONLY_ACTIVE_ARCH = YES;
				SDKROOT = iphoneos;
				TARGETED_DEVICE_FAMILY = "1,2";
			};
			name = Debug;
		};
		E76DA550182240D3008FC0CA /* Release */ = {
			isa = XCBuildConfiguration;
			buildSettings = {
				ALWAYS_SEARCH_USER_PATHS = NO;
				ARCHS = "$(ARCHS_STANDARD_INCLUDING_64_BIT)";
				CLANG_CXX_LANGUAGE_STANDARD = "gnu++0x";
				CLANG_CXX_LIBRARY = "libc++";
				CLANG_ENABLE_MODULES = YES;
				CLANG_ENABLE_OBJC_ARC = YES;
				CLANG_WARN_BOOL_CONVERSION = YES;
				CLANG_WARN_CONSTANT_CONVERSION = YES;
				CLANG_WARN_DIRECT_OBJC_ISA_USAGE = YES_ERROR;
				CLANG_WARN_EMPTY_BODY = YES;
				CLANG_WARN_ENUM_CONVERSION = YES;
				CLANG_WARN_INT_CONVERSION = YES;
				CLANG_WARN_OBJC_ROOT_CLASS = YES_ERROR;
				CLANG_WARN__DUPLICATE_METHOD_MATCH = YES;
				"CODE_SIGN_IDENTITY[sdk=iphoneos*]" = "iPhone Developer";
				COPY_PHASE_STRIP = YES;
				ENABLE_NS_ASSERTIONS = NO;
				GCC_C_LANGUAGE_STANDARD = gnu99;
				GCC_WARN_64_TO_32_BIT_CONVERSION = YES;
				GCC_WARN_ABOUT_RETURN_TYPE = YES_ERROR;
				GCC_WARN_UNDECLARED_SELECTOR = YES;
				GCC_WARN_UNINITIALIZED_AUTOS = YES;
				GCC_WARN_UNUSED_FUNCTION = YES;
				GCC_WARN_UNUSED_VARIABLE = YES;
				IPHONEOS_DEPLOYMENT_TARGET = 7.0;
				SDKROOT = iphoneos;
				TARGETED_DEVICE_FAMILY = "1,2";
				VALIDATE_PRODUCT = YES;
			};
			name = Release;
		};
		E76DA552182240D3008FC0CA /* Debug */ = {
			isa = XCBuildConfiguration;
			baseConfigurationReference = 5B1CD0DE98F64F579B14EF76 /* Pods.xcconfig */;
			buildSettings = {
				ASSETCATALOG_COMPILER_APPICON_NAME = AppIcon;
				ASSETCATALOG_COMPILER_LAUNCHIMAGE_NAME = LaunchImage;
				CODE_SIGN_IDENTITY = "iPhone Developer";
				GCC_PRECOMPILE_PREFIX_HEADER = YES;
				GCC_PREFIX_HEADER = "ACDemo/ACDemo-Prefix.pch";
				INFOPLIST_FILE = "ACDemo/ACDemo-Info.plist";
				PRODUCT_NAME = "$(TARGET_NAME)";
				WRAPPER_EXTENSION = app;
			};
			name = Debug;
		};
		E76DA553182240D3008FC0CA /* Release */ = {
			isa = XCBuildConfiguration;
			baseConfigurationReference = 5B1CD0DE98F64F579B14EF76 /* Pods.xcconfig */;
			buildSettings = {
				ASSETCATALOG_COMPILER_APPICON_NAME = AppIcon;
				ASSETCATALOG_COMPILER_LAUNCHIMAGE_NAME = LaunchImage;
				CODE_SIGN_IDENTITY = "iPhone Developer";
				GCC_PRECOMPILE_PREFIX_HEADER = YES;
				GCC_PREFIX_HEADER = "ACDemo/ACDemo-Prefix.pch";
				INFOPLIST_FILE = "ACDemo/ACDemo-Info.plist";
				PRODUCT_NAME = "$(TARGET_NAME)";
				WRAPPER_EXTENSION = app;
			};
			name = Release;
		};
		E76DA555182240D3008FC0CA /* Debug */ = {
			isa = XCBuildConfiguration;
			buildSettings = {
				ARCHS = "$(ARCHS_STANDARD_INCLUDING_64_BIT)";
				BUNDLE_LOADER = "$(BUILT_PRODUCTS_DIR)/ACDemo.app/ACDemo";
				FRAMEWORK_SEARCH_PATHS = (
					"$(SDKROOT)/Developer/Library/Frameworks",
					"$(inherited)",
					"$(DEVELOPER_FRAMEWORKS_DIR)",
				);
				GCC_PRECOMPILE_PREFIX_HEADER = YES;
				GCC_PREFIX_HEADER = "ACDemo/ACDemo-Prefix.pch";
				GCC_PREPROCESSOR_DEFINITIONS = (
					"DEBUG=1",
					"$(inherited)",
				);
				INFOPLIST_FILE = "ACDemoTests/ACDemoTests-Info.plist";
				PRODUCT_NAME = "$(TARGET_NAME)";
				TEST_HOST = "$(BUNDLE_LOADER)";
				WRAPPER_EXTENSION = xctest;
			};
			name = Debug;
		};
		E76DA556182240D3008FC0CA /* Release */ = {
			isa = XCBuildConfiguration;
			buildSettings = {
				ARCHS = "$(ARCHS_STANDARD_INCLUDING_64_BIT)";
				BUNDLE_LOADER = "$(BUILT_PRODUCTS_DIR)/ACDemo.app/ACDemo";
				FRAMEWORK_SEARCH_PATHS = (
					"$(SDKROOT)/Developer/Library/Frameworks",
					"$(inherited)",
					"$(DEVELOPER_FRAMEWORKS_DIR)",
				);
				GCC_PRECOMPILE_PREFIX_HEADER = YES;
				GCC_PREFIX_HEADER = "ACDemo/ACDemo-Prefix.pch";
				INFOPLIST_FILE = "ACDemoTests/ACDemoTests-Info.plist";
				PRODUCT_NAME = "$(TARGET_NAME)";
				TEST_HOST = "$(BUNDLE_LOADER)";
				WRAPPER_EXTENSION = xctest;
			};
			name = Release;
		};
/* End XCBuildConfiguration section */

/* Begin XCConfigurationList section */
		E76DA517182240D2008FC0CA /* Build configuration list for PBXProject "ACDemo" */ = {
			isa = XCConfigurationList;
			buildConfigurations = (
				E76DA54F182240D3008FC0CA /* Debug */,
				E76DA550182240D3008FC0CA /* Release */,
			);
			defaultConfigurationIsVisible = 0;
			defaultConfigurationName = Release;
		};
		E76DA551182240D3008FC0CA /* Build configuration list for PBXNativeTarget "ACDemo" */ = {
			isa = XCConfigurationList;
			buildConfigurations = (
				E76DA552182240D3008FC0CA /* Debug */,
				E76DA553182240D3008FC0CA /* Release */,
			);
			defaultConfigurationIsVisible = 0;
			defaultConfigurationName = Release;
		};
		E76DA554182240D3008FC0CA /* Build configuration list for PBXNativeTarget "ACDemoTests" */ = {
			isa = XCConfigurationList;
			buildConfigurations = (
				E76DA555182240D3008FC0CA /* Debug */,
				E76DA556182240D3008FC0CA /* Release */,
			);
			defaultConfigurationIsVisible = 0;
			defaultConfigurationName = Release;
		};
/* End XCConfigurationList section */
	};
	rootObject = E76DA514182240D2008FC0CA /* Project object */;
}
